
Microsoft Visual Studio Solution File, Format Version 12.00
# Visual Studio Version 16
VisualStudioVersion = 16.0.30225.117
MinimumVisualStudioVersion = 10.0.40219.1
Project("{FAE04EC0-301F-11D3-BF4B-00C04F79EFBC}") = "RestAPICeloTest", "RestAPICeloTest\RestAPICeloTest.csproj", "{3499159B-C2A7-401D-9690-C94E9073EEFB}"
EndProject
Global
	GlobalSection(SolutionConfigurationPlatforms) = preSolution
		Debug|Any CPU = Debug|Any CPU
		Release|Any CPU = Release|Any CPU
	EndGlobalSection
	GlobalSection(ProjectConfigurationPlatforms) = postSolution
		{3499159B-C2A7-401D-9690-C94E9073EEFB}.Debug|Any CPU.ActiveCfg = Debug|Any CPU
		{3499159B-C2A7-401D-9690-C94E9073EEFB}.Debug|Any CPU.Build.0 = Debug|Any CPU
		{3499159B-C2A7-401D-9690-C94E9073EEFB}.Release|Any CPU.ActiveCfg = Release|Any CPU
		{3499159B-C2A7-401D-9690-C94E9073EEFB}.Release|Any CPU.Build.0 = Release|Any CPU
	EndGlobalSection
	GlobalSection(SolutionProperties) = preSolution
		HideSolutionNode = FALSE
	EndGlobalSection
	GlobalSection(ExtensibilityGlobals) = postSolution
		SolutionGuid = {8C9BEE56-9F27-443F-8E5D-B620C4253D4E}
	EndGlobalSection
EndGlobal
